
Microsoft Visual Studio Solution File, Format Version 12.00
# Visual Studio 14
VisualStudioVersion = 14.0.23107.0
MinimumVisualStudioVersion = 10.0.40219.1
Project("{FAE04EC0-301F-11D3-BF4B-00C04F79EFBC}") = "RangelsRecycling.Web", "RangelsRecycling.Web\RangelsRecycling.Web.csproj", "{45F36212-568F-47EF-BB2B-ACE441054A17}"
EndProject
Project("{FAE04EC0-301F-11D3-BF4B-00C04F79EFBC}") = "RangelsRecycling.Tests", "RangelsRecycling.Tests\RangelsRecycling.Tests.csproj", "{2D53C4A9-CCBF-445B-A753-9CB1B93A0B7E}"
EndProject
Project("{FAE04EC0-301F-11D3-BF4B-00C04F79EFBC}") = "RangelsRecycling.Infrastructure", "RangelsRecycling.Infrastructure\RangelsRecycling.Infrastructure.csproj", "{2A6680BA-9EB8-46BE-A8A6-BB3E34D148FA}"
EndProject
Project("{FAE04EC0-301F-11D3-BF4B-00C04F79EFBC}") = "RangelsRecycling.Domain", "RangelsRecycling.Domain\RangelsRecycling.Domain.csproj", "{493BD45F-3364-44A2-9E44-481EA46CB81A}"
EndProject
Project("{FAE04EC0-301F-11D3-BF4B-00C04F79EFBC}") = "RangelsRecycling.Service", "RangelsRecycling.Service\RangelsRecycling.Service.csproj", "{7ACE1489-409E-4729-9C4E-75A4FEB2E85B}"
EndProject
Project("{00D1A9C2-B5F0-4AF3-8072-F6C62B433612}") = "RangelsRecycling.Database", "RangelsRecycling.Database\RangelsRecycling.Database.sqlproj", "{91EAE5A9-142E-49ED-81DA-106E0E204CA8}"
EndProject
Global
	GlobalSection(SolutionConfigurationPlatforms) = preSolution
		Debug|Any CPU = Debug|Any CPU
		Release|Any CPU = Release|Any CPU
	EndGlobalSection
	GlobalSection(ProjectConfigurationPlatforms) = postSolution
		{45F36212-568F-47EF-BB2B-ACE441054A17}.Debug|Any CPU.ActiveCfg = Debug|Any CPU
		{45F36212-568F-47EF-BB2B-ACE441054A17}.Debug|Any CPU.Build.0 = Debug|Any CPU
		{45F36212-568F-47EF-BB2B-ACE441054A17}.Release|Any CPU.ActiveCfg = Release|Any CPU
		{45F36212-568F-47EF-BB2B-ACE441054A17}.Release|Any CPU.Build.0 = Release|Any CPU
		{2D53C4A9-CCBF-445B-A753-9CB1B93A0B7E}.Debug|Any CPU.ActiveCfg = Debug|Any CPU
		{2D53C4A9-CCBF-445B-A753-9CB1B93A0B7E}.Debug|Any CPU.Build.0 = Debug|Any CPU
		{2D53C4A9-CCBF-445B-A753-9CB1B93A0B7E}.Release|Any CPU.ActiveCfg = Release|Any CPU
		{2D53C4A9-CCBF-445B-A753-9CB1B93A0B7E}.Release|Any CPU.Build.0 = Release|Any CPU
		{2A6680BA-9EB8-46BE-A8A6-BB3E34D148FA}.Debug|Any CPU.ActiveCfg = Debug|Any CPU
		{2A6680BA-9EB8-46BE-A8A6-BB3E34D148FA}.Debug|Any CPU.Build.0 = Debug|Any CPU
		{2A6680BA-9EB8-46BE-A8A6-BB3E34D148FA}.Release|Any CPU.ActiveCfg = Release|Any CPU
		{2A6680BA-9EB8-46BE-A8A6-BB3E34D148FA}.Release|Any CPU.Build.0 = Release|Any CPU
		{493BD45F-3364-44A2-9E44-481EA46CB81A}.Debug|Any CPU.ActiveCfg = Debug|Any CPU
		{493BD45F-3364-44A2-9E44-481EA46CB81A}.Debug|Any CPU.Build.0 = Debug|Any CPU
		{493BD45F-3364-44A2-9E44-481EA46CB81A}.Release|Any CPU.ActiveCfg = Release|Any CPU
		{493BD45F-3364-44A2-9E44-481EA46CB81A}.Release|Any CPU.Build.0 = Release|Any CPU
		{7ACE1489-409E-4729-9C4E-75A4FEB2E85B}.Debug|Any CPU.ActiveCfg = Debug|Any CPU
		{7ACE1489-409E-4729-9C4E-75A4FEB2E85B}.Debug|Any CPU.Build.0 = Debug|Any CPU
		{7ACE1489-409E-4729-9C4E-75A4FEB2E85B}.Release|Any CPU.ActiveCfg = Release|Any CPU
		{7ACE1489-409E-4729-9C4E-75A4FEB2E85B}.Release|Any CPU.Build.0 = Release|Any CPU
		{91EAE5A9-142E-49ED-81DA-106E0E204CA8}.Debug|Any CPU.ActiveCfg = Debug|Any CPU
		{91EAE5A9-142E-49ED-81DA-106E0E204CA8}.Debug|Any CPU.Build.0 = Debug|Any CPU
		{91EAE5A9-142E-49ED-81DA-106E0E204CA8}.Debug|Any CPU.Deploy.0 = Debug|Any CPU
		{91EAE5A9-142E-49ED-81DA-106E0E204CA8}.Release|Any CPU.ActiveCfg = Release|Any CPU
		{91EAE5A9-142E-49ED-81DA-106E0E204CA8}.Release|Any CPU.Build.0 = Release|Any CPU
		{91EAE5A9-142E-49ED-81DA-106E0E204CA8}.Release|Any CPU.Deploy.0 = Release|Any CPU
	EndGlobalSection
	GlobalSection(SolutionProperties) = preSolution
		HideSolutionNode = FALSE
	EndGlobalSection
EndGlobal
